
Microsoft Visual Studio Solution File, Format Version 12.00
# Visual Studio Version 17
VisualStudioVersion = 17.10.34928.147
MinimumVisualStudioVersion = 10.0.40219.1
Project("{E24C65DC-7377-472B-9ABA-BC803B73C61A}") = "WebFormToken", "WebFormToken\", "{F1146309-D522-4429-9075-2AE9564AE171}"
	ProjectSection(WebsiteProperties) = preProject
		TargetFrameworkMoniker = ".NETFramework,Version%3Dv4.7.2"
		Debug.AspNetCompiler.VirtualPath = "/localhost_65365"
		Debug.AspNetCompiler.PhysicalPath = "WebFormToken\"
		Debug.AspNetCompiler.TargetPath = "PrecompiledWeb\localhost_65365\"
		Debug.AspNetCompiler.Updateable = "true"
		Debug.AspNetCompiler.ForceOverwrite = "true"
		Debug.AspNetCompiler.FixedNames = "false"
		Debug.AspNetCompiler.Debug = "True"
		Release.AspNetCompiler.VirtualPath = "/localhost_65365"
		Release.AspNetCompiler.PhysicalPath = "WebFormToken\"
		Release.AspNetCompiler.TargetPath = "PrecompiledWeb\localhost_65365\"
		Release.AspNetCompiler.Updateable = "true"
		Release.AspNetCompiler.ForceOverwrite = "true"
		Release.AspNetCompiler.FixedNames = "false"
		Release.AspNetCompiler.Debug = "False"
		VWDPort = "65365"
		SlnRelativePath = "WebFormToken\"
		DefaultWebSiteLanguage = "Visual Basic"
	EndProjectSection
EndProject
Global
	GlobalSection(SolutionConfigurationPlatforms) = preSolution
		Debug|Any CPU = Debug|Any CPU
	EndGlobalSection
	GlobalSection(ProjectConfigurationPlatforms) = postSolution
		{F1146309-D522-4429-9075-2AE9564AE171}.Debug|Any CPU.ActiveCfg = Debug|Any CPU
		{F1146309-D522-4429-9075-2AE9564AE171}.Debug|Any CPU.Build.0 = Debug|Any CPU
	EndGlobalSection
	GlobalSection(SolutionProperties) = preSolution
		HideSolutionNode = FALSE
	EndGlobalSection
	GlobalSection(ExtensibilityGlobals) = postSolution
		SolutionGuid = {A77E29D7-A279-4F41-9BC8-0D0D5BD31A1E}
	EndGlobalSection
EndGlobal
